
Microsoft Visual Studio Solution File, Format Version 12.00
# Visual Studio Version 16
VisualStudioVersion = 16.0.31025.194
MinimumVisualStudioVersion = 10.0.40219.1
Project("{FAE04EC0-301F-11D3-BF4B-00C04F79EFBC}") = "WpfApp8", "WpfApp8\WpfApp8.csproj", "{91753421-EF64-4788-8DA3-DADC9E6FAECC}"
EndProject
Global
	GlobalSection(SolutionConfigurationPlatforms) = preSolution
		Debug|Any CPU = Debug|Any CPU
		Release|Any CPU = Release|Any CPU
	EndGlobalSection
	GlobalSection(ProjectConfigurationPlatforms) = postSolution
		{91753421-EF64-4788-8DA3-DADC9E6FAECC}.Debug|Any CPU.ActiveCfg = Debug|Any CPU
		{91753421-EF64-4788-8DA3-DADC9E6FAECC}.Debug|Any CPU.Build.0 = Debug|Any CPU
		{91753421-EF64-4788-8DA3-DADC9E6FAECC}.Release|Any CPU.ActiveCfg = Release|Any CPU
		{91753421-EF64-4788-8DA3-DADC9E6FAECC}.Release|Any CPU.Build.0 = Release|Any CPU
	EndGlobalSection
	GlobalSection(SolutionProperties) = preSolution
		HideSolutionNode = FALSE
	EndGlobalSection
	GlobalSection(ExtensibilityGlobals) = postSolution
		SolutionGuid = {0E25966E-CDB5-4889-BB0C-A8C960CCD12E}
	EndGlobalSection
EndGlobal
